#MicroXplorer Configuration settings - do not modify
Mcu.Family=STM32F2
ProjectManager.MainLocation=Core/Src
PB10.PinState=GPIO_PIN_SET
PB13.GPIOParameters=PinState,GPIO_Label
PA6.Mode=Full_Duplex_Master
PC7.GPIOParameters=PinState,GPIO_Label
PH0-OSC_IN.Signal=RCC_OSC_IN
USART2.IPParameters=VirtualMode,BaudRate,Mode
RCC.CortexFreq_Value=120000000
SPI3.Direction=SPI_DIRECTION_2LINES
SPI3.VirtualType=VM_MASTER
ProjectManager.KeepUserCode=true
Mcu.UserName=STM32F205RETx
SPI1.VirtualType=VM_MASTER
TIM1.IPParameters=Prescaler,Period,AutoReloadPreload
USART1.BaudRate=230400
RCC.PLLCLKFreq_Value=120000000
PC10.Signal=SPI3_SCK
PC12.Signal=SPI3_MOSI
PB14.GPIO_Label=Q13
PC5.Locked=true
PC7.Locked=true
ProjectManager.functionlistsort=1-MX_GPIO_Init-GPIO-false-HAL-true,2-SystemClock_Config-RCC-false-HAL-false,3-MX_RTC_Init-RTC-false-HAL-true,4-MX_SPI1_Init-SPI1-false-HAL-true,5-MX_USART1_UART_Init-USART1-false-HAL-true,6-MX_USART2_UART_Init-USART2-false-HAL-true,7-MX_SPI3_Init-SPI3-false-HAL-true,8-MX_TIM1_Init-TIM1-false-HAL-true
PC0.GPIOParameters=GPIO_Label
PA11.GPIOParameters=PinState,GPIO_Label
PC6.GPIO_Label=Q12
PC0.GPIO_Label=LED1
VP_RTC_VS_RTC_Activate.Mode=RTC_Enabled
PC3.Locked=true
RCC.RTCFreq_Value=32000
PC9.Locked=true
PB0.GPIO_Label=Q6
VP_RTC_VS_RTC_Calendar.Signal=RTC_VS_RTC_Calendar
USART1.IPParameters=VirtualMode,BaudRate,Mode
PC1.Locked=true
PB13.GPIO_Label=Q14
PB13.Signal=GPIO_Output
PB15.Signal=GPIO_Output
PB15.PinState=GPIO_PIN_SET
PinOutPanel.RotationAngle=0
RCC.SYSCLKSource=RCC_SYSCLKSOURCE_PLLCLK
ProjectManager.StackSize=0x400
PC8.PinState=GPIO_PIN_SET
Mcu.IP4=SPI3
RCC.FCLKCortexFreq_Value=120000000
Mcu.IP5=SYS
NVIC.SVCall_IRQn=true\:0\:0\:false\:false\:true\:false\:false
Mcu.IP2=RTC
Mcu.IP3=SPI1
PA15.GPIO_Label=Q1
Mcu.IP0=NVIC
Mcu.IP1=RCC
TIM1.Prescaler=120
Mcu.UserConstants=
PC1.GPIOParameters=GPIO_Label
PB0.PinState=GPIO_PIN_SET
Mcu.ThirdPartyNb=0
SPI1.Direction=SPI_DIRECTION_2LINES
RCC.HCLKFreq_Value=120000000
Mcu.IPNb=9
RCC.I2SClocksFreq_Value=118153846.15384614
ProjectManager.PreviousToolchain=
RCC.APB2TimFreq_Value=120000000
RCC.VcooutputI2S=118153846.15384614
PC7.Signal=GPIO_Output
PB12.PinState=GPIO_PIN_SET
RTC.IPParameters=Format
SPI1.CalculateBaudRate=937.5 KBits/s
PC3.Signal=GPIO_Output
PA8.GPIOParameters=PinState,GPIO_Label
Mcu.Pin6=PA0-WKUP
Mcu.Pin7=PA1
Mcu.Pin8=PA2
Mcu.Pin9=PA3
RCC.AHBFreq_Value=120000000
PH0-OSC_IN.Mode=HSE-External-Oscillator
PB13.Locked=true
Mcu.Pin0=PH0-OSC_IN
Mcu.Pin1=PH1-OSC_OUT
GPIO.groupedBy=Group By Peripherals
Mcu.Pin2=PC0
Mcu.Pin3=PC1
PA0-WKUP.GPIOParameters=GPIO_Label
Mcu.Pin4=PC2
Mcu.Pin5=PC3
ProjectManager.ProjectBuild=false
RCC.HSE_VALUE=16000000
NVIC.UsageFault_IRQn=true\:0\:0\:false\:false\:true\:false\:false
NVIC.DebugMonitor_IRQn=true\:0\:0\:false\:false\:true\:false\:false
NVIC.TIM8_TRG_COM_TIM14_IRQn=true\:0\:0\:false\:false\:true\:false\:true
PA8.Locked=true
PA4.Locked=true
NVIC.SysTick_IRQn=true\:0\:0\:false\:false\:true\:false\:true
PB12.GPIO_Label=Q16
ProjectManager.FirmwarePackage=STM32Cube FW_F2 V1.9.2
VP_SYS_VS_tim14.Signal=SYS_VS_tim14
MxDb.Version=DB.6.0.21
PB0.GPIOParameters=PinState,GPIO_Label
PA1.GPIOParameters=PinState,GPIO_Label
ProjectManager.BackupPrevious=false
RCC.VCOInputFreq_Value=1230769.2307692308
PC4.GPIO_Label=Q7
PA14.Mode=Serial_Wire
PB1.GPIO_Label=Q5
File.Version=6
PC7.PinState=GPIO_PIN_SET
PA8.Signal=GPIO_Output
NVIC.PendSV_IRQn=true\:0\:0\:false\:false\:true\:false\:false
VP_SYS_VS_tim14.Mode=TIM14
ProjectManager.HalAssertFull=false
PB0.Locked=true
VP_TIM1_VS_ClockSourceINT.Mode=Internal
ProjectManager.ProjectName=mem_neuro_adv_stm32f205brd3
PB1.PinState=GPIO_PIN_SET
PH1-OSC_OUT.Mode=HSE-External-Oscillator
RCC.MCO2PinFreq_Value=120000000
PC8.GPIOParameters=PinState,GPIO_Label
Mcu.Package=LQFP64
PB1.Signal=GPIO_Output
PA6.Signal=SPI1_MISO
PA5.Locked=true
NVIC.TimeBase=TIM8_TRG_COM_TIM14_IRQn
SPI3.Mode=SPI_MODE_MASTER
USART2.VirtualMode=VM_ASYNC
ProjectManager.ToolChainLocation=
RCC.LSI_VALUE=32000
SH.GPXTI0.0=GPIO_EXTI0
NVIC.TimeBaseIP=TIM14
PA10.Signal=USART1_RX
VP_RTC_VS_RTC_Calendar.Mode=RTC_Calendar
PA15.Signal=GPIO_Output
PA1.PinState=GPIO_PIN_SET
PB14.GPIOParameters=PinState,GPIO_Label
RCC.APB2CLKDivider=RCC_HCLK_DIV2
RCC.APB1TimFreq_Value=60000000
NVIC.BusFault_IRQn=true\:0\:0\:false\:false\:true\:false\:false
PC4.Locked=true
SPI3.IPParameters=VirtualType,Mode,Direction,CalculateBaudRate
PC5.Signal=GPIO_Output
TIM1.Period=100
PB10.GPIOParameters=PinState,GPIO_Label
SPI1.BaudRatePrescaler=SPI_BAUDRATEPRESCALER_64
PA4.GPIO_Label=CS_CS
PC2.GPIO_Label=LED3
ProjectManager.CustomerFirmwarePackage=
PC4.GPIOParameters=GPIO_Label
PA8.PinState=GPIO_PIN_SET
PB15.Locked=true
PA3.Signal=USART2_RX
PA5.Mode=Full_Duplex_Master
VP_RTC_VS_RTC_Activate.Signal=RTC_VS_RTC_Activate
RCC.VDD_VALUE=2.5
ProjectManager.ProjectFileName=mem_neuro_adv_stm32f205brd3.ioc
PA7.Mode=Full_Duplex_Master
PA10.Mode=Asynchronous
PA15.GPIOParameters=PinState,GPIO_Label
Mcu.PinsNb=40
PC9.GPIO_Label=Q3
ProjectManager.NoMain=false
SPI1.IPParameters=VirtualType,Mode,Direction,CalculateBaudRate,BaudRatePrescaler
PC8.Signal=GPIO_Output
PC2.Signal=GPIO_Output
PC4.Signal=GPIO_Output
PC6.Signal=GPIO_Output
PC10.Mode=TX_Only_Simplex_Unidirect_Master
PC9.PinState=GPIO_PIN_SET
SH.GPXTI0.ConfNb=1
PA11.GPIO_Label=Q2
ProjectManager.DefaultFWLocation=true
PB12.Locked=true
ProjectManager.DeletePrevious=true
PC0.Signal=GPIO_Output
PB14.Locked=true
RCC.APB1CLKDivider=RCC_HCLK_DIV4
PB10.Locked=true
USART2.BaudRate=230400
RCC.FamilyName=M
PA0-WKUP.GPIO_Label=OUT
PA0-WKUP.Signal=GPXTI0
PA0-WKUP.Locked=true
PC3.GPIOParameters=GPIO_Label
PC8.GPIO_Label=Q9
PA3.Mode=Asynchronous
PA13.Signal=SYS_JTMS-SWDIO
TIM1.AutoReloadPreload=TIM_AUTORELOAD_PRELOAD_ENABLE
PA9.Mode=Asynchronous
PA11.Locked=true
PA15.Locked=true
PA8.GPIO_Label=Q4
PB14.PinState=GPIO_PIN_SET
PA4.PinState=GPIO_PIN_SET
ProjectManager.TargetToolchain=STM32CubeIDE
PB10.GPIO_Label=Q15
PC5.GPIOParameters=PinState,GPIO_Label
PC6.Locked=true
PA9.Signal=USART1_TX
VP_TIM1_VS_ClockSourceINT.Signal=TIM1_VS_ClockSourceINT
RTC.Format=RTC_FORMAT_BIN
PC2.Locked=true
ProjectManager.RegisterCallBack=
RCC.LSE_VALUE=32768
PA1.Signal=GPIO_Output
PB1.Locked=true
PB10.Signal=GPIO_Output
PC6.PinState=GPIO_PIN_SET
RCC.VCOI2SOutputFreq_Value=236307692.3076923
PB14.Signal=GPIO_Output
PA5.Signal=SPI1_SCK
PC12.Mode=TX_Only_Simplex_Unidirect_Master
board=custom
RCC.VCOOutputFreq_Value=240000000
ProjectManager.LastFirmware=true
PA15.PinState=GPIO_PIN_SET
RCC.APB2Freq_Value=60000000
SPI3.CalculateBaudRate=15.0 MBits/s
PB13.PinState=GPIO_PIN_SET
MxCube.Version=6.2.1
Mcu.Pin37=VP_RTC_VS_RTC_Calendar
USART1.Mode=MODE_RX
Mcu.Pin38=VP_SYS_VS_tim14
PB15.GPIO_Label=Q11
Mcu.Pin35=PC12
Mcu.Pin36=VP_RTC_VS_RTC_Activate
SPI1.Mode=SPI_MODE_MASTER
Mcu.Pin39=VP_TIM1_VS_ClockSourceINT
PC2.GPIOParameters=GPIO_Label
Mcu.Pin30=PA11
PC1.GPIO_Label=LED2
PA1.GPIO_Label=CSPOW
RCC.EthernetFreq_Value=120000000
Mcu.Pin33=PA15
PH1-OSC_OUT.Signal=RCC_OSC_OUT
Mcu.Pin34=PC10
Mcu.Pin31=PA13
Mcu.Pin32=PA14
PA9.Locked=true
NVIC.NonMaskableInt_IRQn=true\:0\:0\:false\:false\:true\:false\:false
PA4.GPIOParameters=PinState,GPIO_Label
PB15.GPIOParameters=PinState,GPIO_Label
PA13.Mode=Serial_Wire
ProjectManager.FreePins=false
RCC.IPParameters=48MHZClocksFreq_Value,AHBFreq_Value,APB1CLKDivider,APB1Freq_Value,APB1TimFreq_Value,APB2CLKDivider,APB2Freq_Value,APB2TimFreq_Value,CortexFreq_Value,EthernetFreq_Value,FCLKCortexFreq_Value,FamilyName,HCLKFreq_Value,HSE_VALUE,HSI_VALUE,I2SClocksFreq_Value,LSE_VALUE,LSI_VALUE,MCO2PinFreq_Value,PLLCLKFreq_Value,PLLM,PLLN,RTCFreq_Value,RTCHSEDivFreq_Value,SYSCLKFreq_VALUE,SYSCLKSource,VCOI2SOutputFreq_Value,VCOInputFreq_Value,VCOOutputFreq_Value,VDD_VALUE,VcooutputI2S
PC9.GPIOParameters=PinState,GPIO_Label
ProjectManager.AskForMigrate=true
Mcu.Name=STM32F205R(B-C-E-F-G)Tx
Mcu.Pin26=PC9
Mcu.Pin27=PA8
RCC.RTCHSEDivFreq_Value=8000000
PA2.Signal=USART2_TX
Mcu.Pin24=PC7
ProjectManager.UnderRoot=true
Mcu.Pin25=PC8
Mcu.IP8=USART2
PC7.GPIO_Label=Q10
Mcu.Pin28=PA9
Mcu.IP6=TIM1
Mcu.Pin29=PA10
Mcu.IP7=USART1
ProjectManager.CoupleFile=false
RCC.48MHZClocksFreq_Value=60000000
NVIC.EXTI0_IRQn=true\:0\:0\:false\:false\:true\:true\:true
PA4.Signal=GPIO_Output
RCC.SYSCLKFreq_VALUE=120000000
Mcu.Pin22=PB15
Mcu.Pin23=PC6
PA1.Locked=true
Mcu.Pin20=PB13
Mcu.Pin21=PB14
PC5.PinState=GPIO_PIN_SET
PA10.Locked=true
NVIC.ForceEnableDMAVector=true
KeepUserPlacement=false
PC5.GPIO_Label=Q8
NVIC.MemoryManagement_IRQn=true\:0\:0\:false\:false\:true\:false\:false
USART1.VirtualMode=VM_ASYNC
ProjectManager.CompilerOptimize=6
PA11.Signal=GPIO_Output
PA14.Signal=SYS_JTCK-SWCLK
ProjectManager.HeapSize=0x200
Mcu.Pin15=PC5
NVIC.HardFault_IRQn=true\:0\:0\:false\:false\:true\:false\:false
Mcu.Pin16=PB0
Mcu.Pin13=PA7
Mcu.Pin14=PC4
PC6.GPIOParameters=PinState,GPIO_Label
Mcu.Pin19=PB12
NVIC.TIM1_UP_TIM10_IRQn=true\:0\:0\:false\:false\:true\:true\:true
ProjectManager.ComputerToolchain=false
Mcu.Pin17=PB1
RCC.HSI_VALUE=16000000
Mcu.Pin18=PB10
NVIC.PriorityGroup=NVIC_PRIORITYGROUP_4
Mcu.Pin11=PA5
Mcu.Pin12=PA6
RCC.PLLM=13
RCC.PLLN=195
Mcu.Pin10=PA4
PA2.Mode=Asynchronous
PC3.GPIO_Label=LED4
PC8.Locked=true
PC9.Signal=GPIO_Output
PA11.PinState=GPIO_PIN_SET
RCC.APB1Freq_Value=30000000
USART2.Mode=MODE_TX
PB0.Signal=GPIO_Output
PC0.Locked=true
ProjectManager.DeviceId=STM32F205RETx
PC1.Signal=GPIO_Output
PB12.GPIOParameters=PinState,GPIO_Label
PB12.Signal=GPIO_Output
ProjectManager.LibraryCopy=1
PB1.GPIOParameters=PinState,GPIO_Label
PA7.Signal=SPI1_MOSI
isbadioc=false
